
Microsoft Visual Studio Solution File, Format Version 12.00
# Visual Studio Version 17
VisualStudioVersion = 17.4.33122.133
MinimumVisualStudioVersion = 10.0.40219.1
Project("{FAE04EC0-301F-11D3-BF4B-00C04F79EFBC}") = "desafio1", "desafio1\desafio1.csproj", "{ECE733CE-701A-4E9B-BF1B-54E7CEF93705}"
EndProject
Global
	GlobalSection(SolutionConfigurationPlatforms) = preSolution
		Debug|Any CPU = Debug|Any CPU
		Release|Any CPU = Release|Any CPU
	EndGlobalSection
	GlobalSection(ProjectConfigurationPlatforms) = postSolution
		{ECE733CE-701A-4E9B-BF1B-54E7CEF93705}.Debug|Any CPU.ActiveCfg = Debug|Any CPU
		{ECE733CE-701A-4E9B-BF1B-54E7CEF93705}.Debug|Any CPU.Build.0 = Debug|Any CPU
		{ECE733CE-701A-4E9B-BF1B-54E7CEF93705}.Release|Any CPU.ActiveCfg = Release|Any CPU
		{ECE733CE-701A-4E9B-BF1B-54E7CEF93705}.Release|Any CPU.Build.0 = Release|Any CPU
	EndGlobalSection
	GlobalSection(SolutionProperties) = preSolution
		HideSolutionNode = FALSE
	EndGlobalSection
	GlobalSection(ExtensibilityGlobals) = postSolution
		SolutionGuid = {11F0AD04-2D7D-4B9C-9DDE-7F581FFCF648}
	EndGlobalSection
EndGlobal
